
Microsoft Visual Studio Solution File, Format Version 11.00
# Visual Studio 2010
Project("{FAE04EC0-301F-11D3-BF4B-00C04F79EFBC}") = "Common", "Common\Common.csproj", "{7A6A8327-FD4C-4050-8FDE-812C692A698D}"
EndProject
Project("{FAE04EC0-301F-11D3-BF4B-00C04F79EFBC}") = "Sql", "Sql\Sql.csproj", "{A76A8327-FD4C-4050-8FDE-812C692A698D}"
EndProject
Project("{FAE04EC0-301F-11D3-BF4B-00C04F79EFBC}") = "SDK", "SDK\SDK.csproj", "{B86A832C-FD4C-4050-8FDE-812C692A698D}"
EndProject
Global
	GlobalSection(SolutionConfigurationPlatforms) = preSolution
		Debug|Any CPU = Debug|Any CPU
		Release|Any CPU = Release|Any CPU
	EndGlobalSection
	GlobalSection(ProjectConfigurationPlatforms) = postSolution
		{7A6A8327-FD4C-4050-8FDE-812C692A698D}.Debug|Any CPU.ActiveCfg = Debug|Any CPU
		{7A6A8327-FD4C-4050-8FDE-812C692A698D}.Debug|Any CPU.Build.0 = Debug|Any CPU
		{7A6A8327-FD4C-4050-8FDE-812C692A698D}.Release|Any CPU.ActiveCfg = Release|Any CPU
		{7A6A8327-FD4C-4050-8FDE-812C692A698D}.Release|Any CPU.Build.0 = Release|Any CPU
		{A76A8327-FD4C-4050-8FDE-812C692A698D}.Debug|Any CPU.ActiveCfg = Debug|Any CPU
		{A76A8327-FD4C-4050-8FDE-812C692A698D}.Debug|Any CPU.Build.0 = Debug|Any CPU
		{A76A8327-FD4C-4050-8FDE-812C692A698D}.Release|Any CPU.ActiveCfg = Release|Any CPU
		{A76A8327-FD4C-4050-8FDE-812C692A698D}.Release|Any CPU.Build.0 = Release|Any CPU
		{B86A832C-FD4C-4050-8FDE-812C692A698D}.Debug|Any CPU.ActiveCfg = Debug|Any CPU
		{B86A832C-FD4C-4050-8FDE-812C692A698D}.Debug|Any CPU.Build.0 = Debug|Any CPU
		{B86A832C-FD4C-4050-8FDE-812C692A698D}.Release|Any CPU.ActiveCfg = Release|Any CPU
		{B86A832C-FD4C-4050-8FDE-812C692A698D}.Release|Any CPU.Build.0 = Release|Any CPU
	EndGlobalSection
	GlobalSection(SolutionProperties) = preSolution
		HideSolutionNode = FALSE
	EndGlobalSection
EndGlobal
